
Microsoft Visual Studio Solution File, Format Version 12.00
# Visual Studio Version 17
VisualStudioVersion = 17.6.33723.286
MinimumVisualStudioVersion = 10.0.40219.1
Project("{FAE04EC0-301F-11D3-BF4B-00C04F79EFBC}") = "WinFormsNetCore7", "WinFormsNetCore7\WinFormsNetCore7.csproj", "{E8FDC46D-ECB4-4922-99F2-24EB793099D8}"
EndProject
Global
	GlobalSection(SolutionConfigurationPlatforms) = preSolution
		Debug|Any CPU = Debug|Any CPU
		Release|Any CPU = Release|Any CPU
	EndGlobalSection
	GlobalSection(ProjectConfigurationPlatforms) = postSolution
		{E8FDC46D-ECB4-4922-99F2-24EB793099D8}.Debug|Any CPU.ActiveCfg = Debug|Any CPU
		{E8FDC46D-ECB4-4922-99F2-24EB793099D8}.Debug|Any CPU.Build.0 = Debug|Any CPU
		{E8FDC46D-ECB4-4922-99F2-24EB793099D8}.Release|Any CPU.ActiveCfg = Release|Any CPU
		{E8FDC46D-ECB4-4922-99F2-24EB793099D8}.Release|Any CPU.Build.0 = Release|Any CPU
	EndGlobalSection
	GlobalSection(SolutionProperties) = preSolution
		HideSolutionNode = FALSE
	EndGlobalSection
	GlobalSection(ExtensibilityGlobals) = postSolution
		SolutionGuid = {1B484EF5-987B-49AB-BC1A-B8D0D6A7AEC2}
	EndGlobalSection
EndGlobal
